
Microsoft Visual Studio Solution File, Format Version 12.00
# Visual Studio 15
VisualStudioVersion = 15.0.27703.2018
MinimumVisualStudioVersion = 10.0.40219.1
Project("{F184B08F-C81C-45F6-A57F-5ABD9991F28F}") = "SV", "SV\SV.vbproj", "{F41ED0E8-B0C9-4921-83C4-2DDE2A7A6337}"
EndProject
Global
	GlobalSection(SolutionConfigurationPlatforms) = preSolution
		Debug|Any CPU = Debug|Any CPU
		Release|Any CPU = Release|Any CPU
	EndGlobalSection
	GlobalSection(ProjectConfigurationPlatforms) = postSolution
		{F41ED0E8-B0C9-4921-83C4-2DDE2A7A6337}.Debug|Any CPU.ActiveCfg = Debug|Any CPU
		{F41ED0E8-B0C9-4921-83C4-2DDE2A7A6337}.Debug|Any CPU.Build.0 = Debug|Any CPU
		{F41ED0E8-B0C9-4921-83C4-2DDE2A7A6337}.Release|Any CPU.ActiveCfg = Release|Any CPU
		{F41ED0E8-B0C9-4921-83C4-2DDE2A7A6337}.Release|Any CPU.Build.0 = Release|Any CPU
	EndGlobalSection
	GlobalSection(SolutionProperties) = preSolution
		HideSolutionNode = FALSE
	EndGlobalSection
	GlobalSection(ExtensibilityGlobals) = postSolution
		SolutionGuid = {7E87C91F-6DA0-40CF-8133-69692B27A477}
	EndGlobalSection
EndGlobal
